{
  "name": "servomgr",
  "version": "0.1.0",
  "lockfileVersion": 3,
  "requires": true,
  "packages": {
    "": {
      "name": "servomgr",
      "version": "0.1.0",
      "license": "Loupe Software License Agreement",
      "dependencies": {
        "@loupeteam/axiserrlib": "^0.0.5",
        "@loupeteam/errorprogpkg": "^0.1.0",
        "@loupeteam/firstinitprogpkg": "^0.1.1",
        "@loupeteam/piperpkg": "^0.1.8"
      }
    },
    "node_modules/@loupeteam/axiserrlib": {
      "version": "0.0.5",
      "resolved": "https://npm.pkg.github.com/download/@loupeteam/axiserrlib/0.0.5/36a2ccc4ce088ba4a4f30a33664fed1f751a1f87",
      "integrity": "sha512-Pg8Mc3CtqvRJf6S6w7lL++lU5iu6cu9VT2ClEjEhThIONr3ED/SGA1m+GJ+ZSwnXV74/waCKMwXcUDWKmFJD0w==",
      "license": "Loupe Software License Agreement",
      "dependencies": {
        "@loupeteam/errorlib": ">=0.23.0 <=0.23.9",
        "@loupeteam/stringext": ">=0.12.0 <=0.14.9"
      }
    },
    "node_modules/@loupeteam/csvfilelib": {
      "version": "1.2.2",
      "resolved": "https://npm.pkg.github.com/download/@loupeteam/csvfilelib/1.2.2/0ea9deae2453f52c952d3832668ba6aec1878faa",
      "integrity": "sha512-PHGMJBXucUeXDXdJl3L/2ymG0XqcZ7xhXK05f43dQ9Vc4vCLfZ8HAGUEqndqm0DJZo+yA4Eu4a2kys7VZOUV3g==",
      "license": "Loupe Software License Agreement",
      "dependencies": {
        "@loupeteam/fiowrap": ">=0.9.0 <=0.9.9",
        "@loupeteam/hmitools": ">=0.11.3 <=0.11.9",
        "@loupeteam/logthat": ">=0.5.0 <=0.5.9",
        "@loupeteam/stringext": ">=0.14.1 <=0.14.9"
      }
    },
    "node_modules/@loupeteam/errorlib": {
      "version": "0.23.3",
      "resolved": "https://npm.pkg.github.com/download/@loupeteam/errorlib/0.23.3/67a0609e6a8a8bb661a48320695ba5ad43c64899",
      "integrity": "sha512-HSAnHiMVZafBU7az5XyXRMXaaLXioZlQ3wEMstUOIX1ZOYwpoljUuulVCfdTGLnfg++1uyQISh/zr3jQ2ZPRpQ==",
      "license": "Loupe Software License Agreement",
      "dependencies": {
        "@loupeteam/hmitools": ">=0.11.4 <=0.11.9",
        "@loupeteam/logthat": ">=0.5.0 <=0.5.9",
        "@loupeteam/stringext": ">=0.14.1 <=0.14.9"
      }
    },
    "node_modules/@loupeteam/errorprogpkg": {
      "version": "0.1.0",
      "resolved": "https://npm.pkg.github.com/download/@loupeteam/errorprogpkg/0.1.0/e89dea86faf8011d81a363bfd39d8c5b76015c3e",
      "integrity": "sha512-grCO/AY1Rm3OgLXskAr9bEhs7QTWh1DMWXqAUCbAXeOatCHP00kTbEgEvIAzqT/fFnBYX93pgbj2hb0Oi8gFvg==",
      "license": "Loupe Software License Agreement",
      "dependencies": {
        "@loupeteam/errorlib": "^0.23.3",
        "@loupeteam/hmitools": "^0.11.4",
        "@loupeteam/piperpkg": "^0.1.8"
      }
    },
    "node_modules/@loupeteam/fiowrap": {
      "version": "0.9.1",
      "resolved": "https://npm.pkg.github.com/download/@loupeteam/fiowrap/0.9.1/5259664e2dcb91836f8b0bed6edd12a2275966a9",
      "integrity": "sha512-okJPxC6HKv6+ZrPgKNuJ+4fAc3PnHrOcbLqRnXbwLF7njCLX25m27Bu+pZQuJAEuw4eMkUrGd7CXYF0KOUz04w==",
      "license": "Loupe Software License Agreement",
      "dependencies": {
        "@loupeteam/stringext": ">=0.11.0"
      }
    },
    "node_modules/@loupeteam/firstinitprogpkg": {
      "version": "0.1.1",
      "resolved": "https://npm.pkg.github.com/download/@loupeteam/firstinitprogpkg/0.1.1/89cbf4c65cee75dd994d81852aaad86a6fe90cd7",
      "integrity": "sha512-Ks1S/84lIm/6nAq1Mwux4dGL1hTU1L953lA8rG7hD3QaNl2UQqZlXCrH7W6PQmmK6iiRgGAheS1Be0Tcz7sQzA==",
      "license": "Loupe Software License Agreement",
      "dependencies": {
        "@loupeteam/csvfilelib": ">=1.2.0",
        "@loupeteam/errorprogpkg": ">=0.1.0",
        "@loupeteam/persist": ">=0.0.6",
        "@loupeteam/vartools": ">=0.10.0"
      }
    },
    "node_modules/@loupeteam/hmitools": {
      "version": "0.11.4",
      "resolved": "https://npm.pkg.github.com/download/@loupeteam/hmitools/0.11.4/a4d1b4bdae7b50ba238db5eb0a70a01372e8eb7f",
      "integrity": "sha512-Yt8ci9RhZ3JKK21J/f/ZJ8H84Lfc9OVtV7kMfd/QS1erHHt8fg4K4rrklaHf3IYGetbiMV5iYWuYqD1v8hdwDQ==",
      "license": "Loupe Software License Agreement",
      "dependencies": {
        "@loupeteam/logthat": "*",
        "@loupeteam/ringbuflib": ">=0.2.0",
        "@loupeteam/stringext": ">=0.4.0"
      }
    },
    "node_modules/@loupeteam/logthat": {
      "version": "0.5.1",
      "resolved": "https://npm.pkg.github.com/download/@loupeteam/logthat/0.5.1/a6a0b2d6b20ae36504e3bb1f93abfc66eabd83a7",
      "integrity": "sha512-HGKZuZxNL6NVnpLG09BbWp7NQ6i+7wdOMoWLj5PO730ELX0Xs35xKGyGLf/mWiIXKE9tjvZxkyBTgbgZbIt6ew==",
      "license": "Loupe Software License Agreement",
      "dependencies": {
        "@loupeteam/stringext": ">=0.14.1"
      }
    },
    "node_modules/@loupeteam/persist": {
      "version": "0.0.7",
      "resolved": "https://npm.pkg.github.com/download/@loupeteam/persist/0.0.7/6d3f4acf50b12d722c109908a3956d0eb724e9d1",
      "integrity": "sha512-BIVH9XqMFynd8wjGhxTkB3rkwjOYZ7s6mJeZGwID1WZ3NfI1p7eo3GHtRN3EL/VeHN37/hclUf7ALKZWXgzLxA==",
      "license": "Loupe Software License Agreement"
    },
    "node_modules/@loupeteam/piper": {
      "version": "0.1.8",
      "resolved": "https://npm.pkg.github.com/download/@loupeteam/piper/0.1.8/631cfe95d23d220fe5320bfc532fa48c8c22beff",
      "integrity": "sha512-ROpy9srLe7L+3woDWYSC/egF4/79P/oVZFfG+sNKpejNxIpReUPYB7uAijEdZ67VwfdCN+MWpn6HRJegvSXdJA==",
      "license": "Loupe Software License Agreement",
      "dependencies": {
        "@loupeteam/logthat": ">=0.5.0 <=0.5.9",
        "@loupeteam/stringext": ">=0.14.0 <=0.14.9"
      }
    },
    "node_modules/@loupeteam/piperpkg": {
      "version": "0.1.8",
      "resolved": "https://npm.pkg.github.com/download/@loupeteam/piperpkg/0.1.8/7b7254d69ec71bd229e8001af2ad2013ff74057c",
      "integrity": "sha512-ri7r1/2bnvvT1U8hBBfnEU+XGKZ2QJBZfUjdHsdFSSfVcIT/H/9uoFqz/Q4ghzR4ojA8h3H7SK6DZr5+Iezzhg==",
      "license": "Loupe Software License Agreement",
      "dependencies": {
        "@loupeteam/hmitools": "*",
        "@loupeteam/piper": "0.1.8"
      }
    },
    "node_modules/@loupeteam/ringbuflib": {
      "version": "0.2.4",
      "resolved": "https://npm.pkg.github.com/download/@loupeteam/ringbuflib/0.2.4/aa477b3b9b4f8b2babda5f67bd823b9f73a837b7",
      "integrity": "sha512-iMekWj7qvhwdYpiD3XpJIJPxlVel0k9PFpPa7POtAI/DIQTH8X6caZNlllA14wAlBAaKYdUVYzdW1t9EjizQWg==",
      "license": "Loupe Software License Agreement"
    },
    "node_modules/@loupeteam/stringext": {
      "version": "0.14.4",
      "resolved": "https://npm.pkg.github.com/download/@loupeteam/stringext/0.14.4/94cecc972c68673d69c605dba4b7904618e24cfc",
      "integrity": "sha512-IhMDGSyclNrv5mYs+kyqN5OHLQrSsktZFvULrWgwr3lg0/Bl+xiO6EvehLWRbZNWZUGWFeaYhBSevv73tIZqow==",
      "license": "Loupe Software License Agreement"
    },
    "node_modules/@loupeteam/vartools": {
      "version": "0.11.4",
      "resolved": "https://npm.pkg.github.com/download/@loupeteam/vartools/0.11.4/8a2e100b44081fccfd4363997ee43aea17bd8b48",
      "integrity": "sha512-WRt+9XVHOCZ2K3htPC3oHXX4B5voNukMu4Iz3P2Bbhh/s0+jYlX6xtBR7RWsppycrcxxZqydnaDb80OKMdMU7g==",
      "license": "Loupe Software License Agreement",
      "dependencies": {
        "@loupeteam/stringext": ">=0.14.0 <=0.14.9"
      }
    }
  }
}
